
Microsoft Visual Studio Solution File, Format Version 12.00
# Visual Studio 15
VisualStudioVersion = 15.0.28010.2041
MinimumVisualStudioVersion = 10.0.40219.1
Project("{8BC9CEB8-8B4A-11D0-8D11-00A0C91BC942}") = "lab9", "lab9\lab9.vcxproj", "{2309802D-D6DD-4CB1-B7FA-FBEBA6F6974C}"
EndProject
Global
	GlobalSection(SolutionConfigurationPlatforms) = preSolution
		Debug|x64 = Debug|x64
		Debug|x86 = Debug|x86
		Release|x64 = Release|x64
		Release|x86 = Release|x86
	EndGlobalSection
	GlobalSection(ProjectConfigurationPlatforms) = postSolution
		{2309802D-D6DD-4CB1-B7FA-FBEBA6F6974C}.Debug|x64.ActiveCfg = Debug|x64
		{2309802D-D6DD-4CB1-B7FA-FBEBA6F6974C}.Debug|x64.Build.0 = Debug|x64
		{2309802D-D6DD-4CB1-B7FA-FBEBA6F6974C}.Debug|x86.ActiveCfg = Debug|Win32
		{2309802D-D6DD-4CB1-B7FA-FBEBA6F6974C}.Debug|x86.Build.0 = Debug|Win32
		{2309802D-D6DD-4CB1-B7FA-FBEBA6F6974C}.Release|x64.ActiveCfg = Release|x64
		{2309802D-D6DD-4CB1-B7FA-FBEBA6F6974C}.Release|x64.Build.0 = Release|x64
		{2309802D-D6DD-4CB1-B7FA-FBEBA6F6974C}.Release|x86.ActiveCfg = Release|Win32
		{2309802D-D6DD-4CB1-B7FA-FBEBA6F6974C}.Release|x86.Build.0 = Release|Win32
	EndGlobalSection
	GlobalSection(SolutionProperties) = preSolution
		HideSolutionNode = FALSE
	EndGlobalSection
	GlobalSection(ExtensibilityGlobals) = postSolution
		SolutionGuid = {B4563B0A-EB02-4940-B60B-7DBECB3DDF1E}
	EndGlobalSection
EndGlobal
